// !$*UTF8*$!
{
	archiveVersion = 1;
	classes = {
	};
	objectVersion = 56;
	objects = {

/* Begin PBXBuildFile section */
		FA0B09F729E2B56E00202CFA /* ShawaAppView.swift in Sources */ = {isa = PBXBuildFile; fileRef = FA0B09F629E2B56E00202CFA /* ShawaAppView.swift */; };
		FA0B09F929E41A4D00202CFA /* MenuItemView.swift in Sources */ = {isa = PBXBuildFile; fileRef = FA0B09F829E41A4D00202CFA /* MenuItemView.swift */; };
		FA1AFA152AFE5B2C0092A46A /* PrettyText.swift in Sources */ = {isa = PBXBuildFile; fileRef = FA1AFA142AFE5B2C0092A46A /* PrettyText.swift */; };
		FA1AFA172AFE5F810092A46A /* PrettyEditButton.swift in Sources */ = {isa = PBXBuildFile; fileRef = FA1AFA162AFE5F810092A46A /* PrettyEditButton.swift */; };
		FA1AFA192B04E9F10092A46A /* PasswordChangeView.swift in Sources */ = {isa = PBXBuildFile; fileRef = FA1AFA182B04E9F10092A46A /* PasswordChangeView.swift */; };
		FA1AFA1B2B04EC4A0092A46A /* ConditionalTextEditor.swift in Sources */ = {isa = PBXBuildFile; fileRef = FA1AFA1A2B04EC4A0092A46A /* ConditionalTextEditor.swift */; };
		FA1AFA1D2B078C310092A46A /* UserOrdersView.swift in Sources */ = {isa = PBXBuildFile; fileRef = FA1AFA1C2B078C310092A46A /* UserOrdersView.swift */; };
		FA1AFA212B078EB60092A46A /* UserOrders.swift in Sources */ = {isa = PBXBuildFile; fileRef = FA1AFA202B078EB60092A46A /* UserOrders.swift */; };
		FA1AFA232B07A5BC0092A46A /* UserOrder.swift in Sources */ = {isa = PBXBuildFile; fileRef = FA1AFA222B07A5BC0092A46A /* UserOrder.swift */; };
		FA1AFA252B07AACB0092A46A /* OrderItemUnchangable.swift in Sources */ = {isa = PBXBuildFile; fileRef = FA1AFA242B07AACB0092A46A /* OrderItemUnchangable.swift */; };
		FA2775F02A87C5F000A55405 /* CartView.swift in Sources */ = {isa = PBXBuildFile; fileRef = FA2775EF2A87C5F000A55405 /* CartView.swift */; };
		FA2775F22A87CA9B00A55405 /* OrderItem.swift in Sources */ = {isa = PBXBuildFile; fileRef = FA2775F12A87CA9B00A55405 /* OrderItem.swift */; };
		FA5173C829BC65D600F8ADFA /* MainMenuView.swift in Sources */ = {isa = PBXBuildFile; fileRef = FA5173C729BC65D600F8ADFA /* MainMenuView.swift */; };
		FA5173CC29BC704D00F8ADFA /* tangak.otf in Resources */ = {isa = PBXBuildFile; fileRef = FA5173CB29BC704D00F8ADFA /* tangak.otf */; };
		FA5173CE29BDCC3400F8ADFA /* Menu.swift in Sources */ = {isa = PBXBuildFile; fileRef = FA5173CD29BDCC3400F8ADFA /* Menu.swift */; };
		FA64F12B2A8F930D00CC8558 /* OrderView.swift in Sources */ = {isa = PBXBuildFile; fileRef = FA64F12A2A8F930D00CC8558 /* OrderView.swift */; };
		FA79D39929BB5D21005A10F8 /* Colors.swift in Sources */ = {isa = PBXBuildFile; fileRef = FA79D39829BB5D21005A10F8 /* Colors.swift */; };
		FA8320D52A0B9FB6000C37B9 /* SearchItem.swift in Sources */ = {isa = PBXBuildFile; fileRef = FA8320D42A0B9FB6000C37B9 /* SearchItem.swift */; };
		FA8DDEF029BC551E004DAE5C /* Montserrat-Bold.ttf in Resources */ = {isa = PBXBuildFile; fileRef = FA8DDEEF29BC551E004DAE5C /* Montserrat-Bold.ttf */; };
		FA8DDEF229BC5646004DAE5C /* DM-Sans-Bold.ttf in Resources */ = {isa = PBXBuildFile; fileRef = FA8DDEF129BC5646004DAE5C /* DM-Sans-Bold.ttf */; };
		FA8DDEF429BC567D004DAE5C /* DM-Sans-Regular.ttf in Resources */ = {isa = PBXBuildFile; fileRef = FA8DDEF329BC567D004DAE5C /* DM-Sans-Regular.ttf */; };
		FAA4238129C0A6CC007818F7 /* SectionMenuView.swift in Sources */ = {isa = PBXBuildFile; fileRef = FAA4238029C0A6CC007818F7 /* SectionMenuView.swift */; };
		FAA4238329C0A809007818F7 /* Header.swift in Sources */ = {isa = PBXBuildFile; fileRef = FAA4238229C0A809007818F7 /* Header.swift */; };
		FAA4238529C0B3EC007818F7 /* PrettyButton.swift in Sources */ = {isa = PBXBuildFile; fileRef = FAA4238429C0B3EC007818F7 /* PrettyButton.swift */; };
		FAA8717129BDE1BB0036488A /* MenuItemCard.swift in Sources */ = {isa = PBXBuildFile; fileRef = FAA8717029BDE1BB0036488A /* MenuItemCard.swift */; };
		FAA8717329BDEBFF0036488A /* MainMenuSection.swift in Sources */ = {isa = PBXBuildFile; fileRef = FAA8717229BDEBFF0036488A /* MainMenuSection.swift */; };
		FAA91A0729BB4D03004B3C71 /* IosApp.swift in Sources */ = {isa = PBXBuildFile; fileRef = FAA91A0629BB4D03004B3C71 /* IosApp.swift */; };
		FAA91A0B29BB4D04004B3C71 /* Assets.xcassets in Resources */ = {isa = PBXBuildFile; fileRef = FAA91A0A29BB4D04004B3C71 /* Assets.xcassets */; };
		FAA91A0E29BB4D04004B3C71 /* Preview Assets.xcassets in Resources */ = {isa = PBXBuildFile; fileRef = FAA91A0D29BB4D04004B3C71 /* Preview Assets.xcassets */; };
		FAA9F1BD29BB7872005D91A7 /* Inter-Bold.ttf in Resources */ = {isa = PBXBuildFile; fileRef = FAA9F1BB29BB7872005D91A7 /* Inter-Bold.ttf */; };
		FAA9F1BE29BB7872005D91A7 /* Inter-Regular.ttf in Resources */ = {isa = PBXBuildFile; fileRef = FAA9F1BC29BB7872005D91A7 /* Inter-Regular.ttf */; };
		FAA9F1C329BB7DEF005D91A7 /* AuthoriseView.swift in Sources */ = {isa = PBXBuildFile; fileRef = FAA91A0829BB4D03004B3C71 /* AuthoriseView.swift */; };
		FAA9F1C529BB8A58005D91A7 /* Fonts.swift in Sources */ = {isa = PBXBuildFile; fileRef = FAA9F1C429BB8A58005D91A7 /* Fonts.swift */; };
		FAA9F1C729BB9334005D91A7 /* ShavaApp.swift in Sources */ = {isa = PBXBuildFile; fileRef = FAA9F1C629BB9334005D91A7 /* ShavaApp.swift */; };
		FAA9F1C929BB93D2005D91A7 /* ShavaAppSwiftUI.swift in Sources */ = {isa = PBXBuildFile; fileRef = FAA9F1C829BB93D2005D91A7 /* ShavaAppSwiftUI.swift */; };
		FAA9F1CD29BBC2B2005D91A7 /* PrettyTextField.swift in Sources */ = {isa = PBXBuildFile; fileRef = FAA9F1CC29BBC2B2005D91A7 /* PrettyTextField.swift */; };
		FAA9F1D029BBCC69005D91A7 /* ActionButton in Frameworks */ = {isa = PBXBuildFile; productRef = FAA9F1CF29BBCC69005D91A7 /* ActionButton */; };
		FAAA252229EEC1BD00409A4E /* Order.swift in Sources */ = {isa = PBXBuildFile; fileRef = FAAA252129EEC1BD00409A4E /* Order.swift */; };
		FAD8E0FD2ABDB098007F95B1 /* ProfileView.swift in Sources */ = {isa = PBXBuildFile; fileRef = FAD8E0FC2ABDB098007F95B1 /* ProfileView.swift */; };
		FAE046DE29E1946E00E0929A /* Firebase.swift in Sources */ = {isa = PBXBuildFile; fileRef = FAE046DD29E1946E00E0929A /* Firebase.swift */; };
		FAE046E029E1B24E00E0929A /* GoogleService-Info.plist in Resources */ = {isa = PBXBuildFile; fileRef = FAE046DF29E1B24E00E0929A /* GoogleService-Info.plist */; };
		FAFAB4572AA8CB4E00D47C23 /* FirebaseAuth in Frameworks */ = {isa = PBXBuildFile; productRef = FAFAB4562AA8CB4E00D47C23 /* FirebaseAuth */; };
		FAFAB4592AA8CB4E00D47C23 /* FirebaseDatabase in Frameworks */ = {isa = PBXBuildFile; productRef = FAFAB4582AA8CB4E00D47C23 /* FirebaseDatabase */; };
		FAFAB45B2AA8CB4E00D47C23 /* FirebaseDatabaseSwift in Frameworks */ = {isa = PBXBuildFile; productRef = FAFAB45A2AA8CB4E00D47C23 /* FirebaseDatabaseSwift */; };
		FAFAB45D2AA8CB4E00D47C23 /* FirebaseFirestore in Frameworks */ = {isa = PBXBuildFile; productRef = FAFAB45C2AA8CB4E00D47C23 /* FirebaseFirestore */; };
		FAFAB45F2AA8CB4E00D47C23 /* FirebaseFirestoreCombine-Community in Frameworks */ = {isa = PBXBuildFile; productRef = FAFAB45E2AA8CB4E00D47C23 /* FirebaseFirestoreCombine-Community */; };
		FAFAB4612AA8CB4E00D47C23 /* FirebaseFirestoreSwift in Frameworks */ = {isa = PBXBuildFile; productRef = FAFAB4602AA8CB4E00D47C23 /* FirebaseFirestoreSwift */; };
/* End PBXBuildFile section */

/* Begin PBXFileReference section */
		FA0B09F629E2B56E00202CFA /* ShawaAppView.swift */ = {isa = PBXFileReference; lastKnownFileType = sourcecode.swift; path = ShawaAppView.swift; sourceTree = "<group>"; };
		FA0B09F829E41A4D00202CFA /* MenuItemView.swift */ = {isa = PBXFileReference; lastKnownFileType = sourcecode.swift; path = MenuItemView.swift; sourceTree = "<group>"; };
		FA1AFA142AFE5B2C0092A46A /* PrettyText.swift */ = {isa = PBXFileReference; lastKnownFileType = sourcecode.swift; path = PrettyText.swift; sourceTree = "<group>"; };
		FA1AFA162AFE5F810092A46A /* PrettyEditButton.swift */ = {isa = PBXFileReference; lastKnownFileType = sourcecode.swift; path = PrettyEditButton.swift; sourceTree = "<group>"; };
		FA1AFA182B04E9F10092A46A /* PasswordChangeView.swift */ = {isa = PBXFileReference; lastKnownFileType = sourcecode.swift; path = PasswordChangeView.swift; sourceTree = "<group>"; };
		FA1AFA1A2B04EC4A0092A46A /* ConditionalTextEditor.swift */ = {isa = PBXFileReference; lastKnownFileType = sourcecode.swift; path = ConditionalTextEditor.swift; sourceTree = "<group>"; };
		FA1AFA1C2B078C310092A46A /* UserOrdersView.swift */ = {isa = PBXFileReference; lastKnownFileType = sourcecode.swift; path = UserOrdersView.swift; sourceTree = "<group>"; };
		FA1AFA202B078EB60092A46A /* UserOrders.swift */ = {isa = PBXFileReference; lastKnownFileType = sourcecode.swift; path = UserOrders.swift; sourceTree = "<group>"; };
		FA1AFA222B07A5BC0092A46A /* UserOrder.swift */ = {isa = PBXFileReference; lastKnownFileType = sourcecode.swift; path = UserOrder.swift; sourceTree = "<group>"; };
		FA1AFA242B07AACB0092A46A /* OrderItemUnchangable.swift */ = {isa = PBXFileReference; lastKnownFileType = sourcecode.swift; path = OrderItemUnchangable.swift; sourceTree = "<group>"; };
		FA2775EF2A87C5F000A55405 /* CartView.swift */ = {isa = PBXFileReference; lastKnownFileType = sourcecode.swift; path = CartView.swift; sourceTree = "<group>"; };
		FA2775F12A87CA9B00A55405 /* OrderItem.swift */ = {isa = PBXFileReference; lastKnownFileType = sourcecode.swift; path = OrderItem.swift; sourceTree = "<group>"; };
		FA2C20682A9FA53100ADA650 /* debug.xcconfig */ = {isa = PBXFileReference; lastKnownFileType = text.xcconfig; path = debug.xcconfig; sourceTree = "<group>"; };
		FA5173C729BC65D600F8ADFA /* MainMenuView.swift */ = {isa = PBXFileReference; lastKnownFileType = sourcecode.swift; path = MainMenuView.swift; sourceTree = "<group>"; };
		FA5173CB29BC704D00F8ADFA /* tangak.otf */ = {isa = PBXFileReference; lastKnownFileType = file; path = tangak.otf; sourceTree = "<group>"; };
		FA5173CD29BDCC3400F8ADFA /* Menu.swift */ = {isa = PBXFileReference; lastKnownFileType = sourcecode.swift; path = Menu.swift; sourceTree = "<group>"; };
		FA64F12A2A8F930D00CC8558 /* OrderView.swift */ = {isa = PBXFileReference; lastKnownFileType = sourcecode.swift; path = OrderView.swift; sourceTree = "<group>"; };
		FA79D39829BB5D21005A10F8 /* Colors.swift */ = {isa = PBXFileReference; lastKnownFileType = sourcecode.swift; path = Colors.swift; sourceTree = "<group>"; };
		FA8320D42A0B9FB6000C37B9 /* SearchItem.swift */ = {isa = PBXFileReference; lastKnownFileType = sourcecode.swift; path = SearchItem.swift; sourceTree = "<group>"; };
		FA8DDEEE29BBD491004DAE5C /* Shawa.app */ = {isa = PBXFileReference; explicitFileType = wrapper.application; includeInIndex = 0; path = Shawa.app; sourceTree = BUILT_PRODUCTS_DIR; };
		FA8DDEEF29BC551E004DAE5C /* Montserrat-Bold.ttf */ = {isa = PBXFileReference; lastKnownFileType = file; path = "Montserrat-Bold.ttf"; sourceTree = "<group>"; };
		FA8DDEF129BC5646004DAE5C /* DM-Sans-Bold.ttf */ = {isa = PBXFileReference; lastKnownFileType = file; path = "DM-Sans-Bold.ttf"; sourceTree = "<group>"; };
		FA8DDEF329BC567D004DAE5C /* DM-Sans-Regular.ttf */ = {isa = PBXFileReference; lastKnownFileType = file; path = "DM-Sans-Regular.ttf"; sourceTree = "<group>"; };
		FAA4238029C0A6CC007818F7 /* SectionMenuView.swift */ = {isa = PBXFileReference; lastKnownFileType = sourcecode.swift; path = SectionMenuView.swift; sourceTree = "<group>"; };
		FAA4238229C0A809007818F7 /* Header.swift */ = {isa = PBXFileReference; lastKnownFileType = sourcecode.swift; path = Header.swift; sourceTree = "<group>"; };
		FAA4238429C0B3EC007818F7 /* PrettyButton.swift */ = {isa = PBXFileReference; lastKnownFileType = sourcecode.swift; path = PrettyButton.swift; sourceTree = "<group>"; };
		FAA8717029BDE1BB0036488A /* MenuItemCard.swift */ = {isa = PBXFileReference; lastKnownFileType = sourcecode.swift; path = MenuItemCard.swift; sourceTree = "<group>"; };
		FAA8717229BDEBFF0036488A /* MainMenuSection.swift */ = {isa = PBXFileReference; lastKnownFileType = sourcecode.swift; path = MainMenuSection.swift; sourceTree = "<group>"; };
		FAA91A0629BB4D03004B3C71 /* IosApp.swift */ = {isa = PBXFileReference; lastKnownFileType = sourcecode.swift; path = IosApp.swift; sourceTree = "<group>"; };
		FAA91A0829BB4D03004B3C71 /* AuthoriseView.swift */ = {isa = PBXFileReference; lastKnownFileType = sourcecode.swift; path = AuthoriseView.swift; sourceTree = "<group>"; };
		FAA91A0A29BB4D04004B3C71 /* Assets.xcassets */ = {isa = PBXFileReference; lastKnownFileType = folder.assetcatalog; path = Assets.xcassets; sourceTree = "<group>"; };
		FAA91A0D29BB4D04004B3C71 /* Preview Assets.xcassets */ = {isa = PBXFileReference; lastKnownFileType = folder.assetcatalog; path = "Preview Assets.xcassets"; sourceTree = "<group>"; };
		FAA9F1BB29BB7872005D91A7 /* Inter-Bold.ttf */ = {isa = PBXFileReference; lastKnownFileType = file; path = "Inter-Bold.ttf"; sourceTree = "<group>"; };
		FAA9F1BC29BB7872005D91A7 /* Inter-Regular.ttf */ = {isa = PBXFileReference; lastKnownFileType = file; name = "Inter-Regular.ttf"; path = "Shawa/View/Fonts/Inter-Regular.ttf"; sourceTree = SOURCE_ROOT; };
		FAA9F1C429BB8A58005D91A7 /* Fonts.swift */ = {isa = PBXFileReference; lastKnownFileType = sourcecode.swift; path = Fonts.swift; sourceTree = "<group>"; };
		FAA9F1C629BB9334005D91A7 /* ShavaApp.swift */ = {isa = PBXFileReference; lastKnownFileType = sourcecode.swift; name = ShavaApp.swift; path = Shawa/Model/ShavaApp.swift; sourceTree = SOURCE_ROOT; };
		FAA9F1C829BB93D2005D91A7 /* ShavaAppSwiftUI.swift */ = {isa = PBXFileReference; lastKnownFileType = sourcecode.swift; path = ShavaAppSwiftUI.swift; sourceTree = "<group>"; };
		FAA9F1CC29BBC2B2005D91A7 /* PrettyTextField.swift */ = {isa = PBXFileReference; lastKnownFileType = sourcecode.swift; path = PrettyTextField.swift; sourceTree = "<group>"; };
		FAAA252129EEC1BD00409A4E /* Order.swift */ = {isa = PBXFileReference; lastKnownFileType = sourcecode.swift; path = Order.swift; sourceTree = "<group>"; };
		FAD8E0FC2ABDB098007F95B1 /* ProfileView.swift */ = {isa = PBXFileReference; lastKnownFileType = sourcecode.swift; path = ProfileView.swift; sourceTree = "<group>"; };
		FAE046DD29E1946E00E0929A /* Firebase.swift */ = {isa = PBXFileReference; lastKnownFileType = sourcecode.swift; path = Firebase.swift; sourceTree = "<group>"; };
		FAE046DF29E1B24E00E0929A /* GoogleService-Info.plist */ = {isa = PBXFileReference; fileEncoding = 4; lastKnownFileType = text.plist.xml; path = "GoogleService-Info.plist"; sourceTree = "<group>"; };
/* End PBXFileReference section */

/* Begin PBXFrameworksBuildPhase section */
		FAA91A0029BB4D03004B3C71 /* Frameworks */ = {
			isa = PBXFrameworksBuildPhase;
			buildActionMask = 2147483647;
			files = (
				FAFAB45B2AA8CB4E00D47C23 /* FirebaseDatabaseSwift in Frameworks */,
				FAFAB4592AA8CB4E00D47C23 /* FirebaseDatabase in Frameworks */,
				FAA9F1D029BBCC69005D91A7 /* ActionButton in Frameworks */,
				FAFAB4612AA8CB4E00D47C23 /* FirebaseFirestoreSwift in Frameworks */,
				FAFAB45F2AA8CB4E00D47C23 /* FirebaseFirestoreCombine-Community in Frameworks */,
				FAFAB45D2AA8CB4E00D47C23 /* FirebaseFirestore in Frameworks */,
				FAFAB4572AA8CB4E00D47C23 /* FirebaseAuth in Frameworks */,
			);
			runOnlyForDeploymentPostprocessing = 0;
		};
/* End PBXFrameworksBuildPhase section */

/* Begin PBXGroup section */
		FA2775ED2A87B4FC00A55405 /* Views */ = {
			isa = PBXGroup;
			children = (
				FAA91A0829BB4D03004B3C71 /* AuthoriseView.swift */,
				FA5173C729BC65D600F8ADFA /* MainMenuView.swift */,
				FAA4238029C0A6CC007818F7 /* SectionMenuView.swift */,
				FA0B09F829E41A4D00202CFA /* MenuItemView.swift */,
				FA2775EF2A87C5F000A55405 /* CartView.swift */,
				FA64F12A2A8F930D00CC8558 /* OrderView.swift */,
				FAD8E0FC2ABDB098007F95B1 /* ProfileView.swift */,
				FA1AFA182B04E9F10092A46A /* PasswordChangeView.swift */,
				FA1AFA1C2B078C310092A46A /* UserOrdersView.swift */,
			);
			path = Views;
			sourceTree = "<group>";
		};
		FA2775EE2A87B57E00A55405 /* Components */ = {
			isa = PBXGroup;
			children = (
				FAA9F1CC29BBC2B2005D91A7 /* PrettyTextField.swift */,
				FAA4238229C0A809007818F7 /* Header.swift */,
				FA8320D42A0B9FB6000C37B9 /* SearchItem.swift */,
				FAA8717229BDEBFF0036488A /* MainMenuSection.swift */,
				FAA8717029BDE1BB0036488A /* MenuItemCard.swift */,
				FAA4238429C0B3EC007818F7 /* PrettyButton.swift */,
				FA2775F12A87CA9B00A55405 /* OrderItem.swift */,
				FA1AFA142AFE5B2C0092A46A /* PrettyText.swift */,
				FA1AFA162AFE5F810092A46A /* PrettyEditButton.swift */,
				FA1AFA1A2B04EC4A0092A46A /* ConditionalTextEditor.swift */,
				FA1AFA222B07A5BC0092A46A /* UserOrder.swift */,
				FA1AFA242B07AACB0092A46A /* OrderItemUnchangable.swift */,
			);
			path = Components;
			sourceTree = "<group>";
		};
		FAA8792429BB52BD00F67D6E /* View */ = {
			isa = PBXGroup;
			children = (
				FA2775EE2A87B57E00A55405 /* Components */,
				FA2775ED2A87B4FC00A55405 /* Views */,
				FAA9F1AB29BB6D3D005D91A7 /* Fonts */,
				FA79D39829BB5D21005A10F8 /* Colors.swift */,
				FA0B09F629E2B56E00202CFA /* ShawaAppView.swift */,
			);
			path = View;
			sourceTree = "<group>";
		};
		FAA8792529BB52D300F67D6E /* Model */ = {
			isa = PBXGroup;
			children = (
				FAC11C9E2BB558C2008BE48A /* Entities */,
				FAA9F1C629BB9334005D91A7 /* ShavaApp.swift */,
				FA5173CD29BDCC3400F8ADFA /* Menu.swift */,
				FAAA252129EEC1BD00409A4E /* Order.swift */,
				FA1AFA202B078EB60092A46A /* UserOrders.swift */,
			);
			path = Model;
			sourceTree = "<group>";
		};
		FAA8792629BB532900F67D6E /* ViewModel */ = {
			isa = PBXGroup;
			children = (
				FAA9F1C829BB93D2005D91A7 /* ShavaAppSwiftUI.swift */,
				FAE046DD29E1946E00E0929A /* Firebase.swift */,
			);
			path = ViewModel;
			sourceTree = "<group>";
		};
		FAA919FA29BB4D03004B3C71 = {
			isa = PBXGroup;
			children = (
				FAA91A0529BB4D03004B3C71 /* Shawa */,
				FA8DDEEE29BBD491004DAE5C /* Shawa.app */,
			);
			sourceTree = "<group>";
		};
		FAA91A0529BB4D03004B3C71 /* Shawa */ = {
			isa = PBXGroup;
			children = (
				FAA8792529BB52D300F67D6E /* Model */,
				FAA8792629BB532900F67D6E /* ViewModel */,
				FAA8792429BB52BD00F67D6E /* View */,
				FAA91A0629BB4D03004B3C71 /* IosApp.swift */,
				FAE046DF29E1B24E00E0929A /* GoogleService-Info.plist */,
				FAA91A0A29BB4D04004B3C71 /* Assets.xcassets */,
				FAA91A0C29BB4D04004B3C71 /* Preview Content */,
				FA2C20682A9FA53100ADA650 /* debug.xcconfig */,
			);
			path = Shawa;
			sourceTree = "<group>";
		};
		FAA91A0C29BB4D04004B3C71 /* Preview Content */ = {
			isa = PBXGroup;
			children = (
				FAA91A0D29BB4D04004B3C71 /* Preview Assets.xcassets */,
			);
			path = "Preview Content";
			sourceTree = "<group>";
		};
		FAA9F1AB29BB6D3D005D91A7 /* Fonts */ = {
			isa = PBXGroup;
			children = (
				FA8DDEEF29BC551E004DAE5C /* Montserrat-Bold.ttf */,
				FAA9F1BC29BB7872005D91A7 /* Inter-Regular.ttf */,
				FAA9F1BB29BB7872005D91A7 /* Inter-Bold.ttf */,
				FA8DDEF329BC567D004DAE5C /* DM-Sans-Regular.ttf */,
				FA8DDEF129BC5646004DAE5C /* DM-Sans-Bold.ttf */,
				FA5173CB29BC704D00F8ADFA /* tangak.otf */,
				FAA9F1C429BB8A58005D91A7 /* Fonts.swift */,
			);
			path = Fonts;
			sourceTree = "<group>";
		};
		FAC11C9E2BB558C2008BE48A /* Entities */ = {
			isa = PBXGroup;
			children = (
			);
			path = Entities;
			sourceTree = "<group>";
		};
/* End PBXGroup section */

/* Begin PBXNativeTarget section */
		FAA91A0229BB4D03004B3C71 /* Shawa */ = {
			isa = PBXNativeTarget;
			buildConfigurationList = FAA91A1129BB4D04004B3C71 /* Build configuration list for PBXNativeTarget "Shawa" */;
			buildPhases = (
				FAA919FF29BB4D03004B3C71 /* Sources */,
				FAA91A0029BB4D03004B3C71 /* Frameworks */,
				FAA91A0129BB4D03004B3C71 /* Resources */,
			);
			buildRules = (
			);
			dependencies = (
			);
			name = Shawa;
			packageProductDependencies = (
				FAA9F1CF29BBCC69005D91A7 /* ActionButton */,
				FAFAB4562AA8CB4E00D47C23 /* FirebaseAuth */,
				FAFAB4582AA8CB4E00D47C23 /* FirebaseDatabase */,
				FAFAB45A2AA8CB4E00D47C23 /* FirebaseDatabaseSwift */,
				FAFAB45C2AA8CB4E00D47C23 /* FirebaseFirestore */,
				FAFAB45E2AA8CB4E00D47C23 /* FirebaseFirestoreCombine-Community */,
				FAFAB4602AA8CB4E00D47C23 /* FirebaseFirestoreSwift */,
			);
			productName = Shawa;
			productReference = FA8DDEEE29BBD491004DAE5C /* Shawa.app */;
			productType = "com.apple.product-type.application";
		};
/* End PBXNativeTarget section */

/* Begin PBXProject section */
		FAA919FB29BB4D03004B3C71 /* Project object */ = {
			isa = PBXProject;
			attributes = {
				BuildIndependentTargetsInParallel = 1;
				LastSwiftUpdateCheck = 1420;
				LastUpgradeCheck = 1420;
				TargetAttributes = {
					FAA91A0229BB4D03004B3C71 = {
						CreatedOnToolsVersion = 14.2;
					};
				};
			};
			buildConfigurationList = FAA919FE29BB4D03004B3C71 /* Build configuration list for PBXProject "Shawa" */;
			compatibilityVersion = "Xcode 14.0";
			developmentRegion = en;
			hasScannedForEncodings = 0;
			knownRegions = (
				en,
				Base,
			);
			mainGroup = FAA919FA29BB4D03004B3C71;
			packageReferences = (
				FAA9F1CE29BBCC69005D91A7 /* XCRemoteSwiftPackageReference "action-button" */,
				FAFAB4552AA8CB4E00D47C23 /* XCRemoteSwiftPackageReference "firebase-ios-sdk" */,
			);
			productRefGroup = FAA919FA29BB4D03004B3C71;
			projectDirPath = "";
			projectRoot = "";
			targets = (
				FAA91A0229BB4D03004B3C71 /* Shawa */,
			);
		};
/* End PBXProject section */

/* Begin PBXResourcesBuildPhase section */
		FAA91A0129BB4D03004B3C71 /* Resources */ = {
			isa = PBXResourcesBuildPhase;
			buildActionMask = 2147483647;
			files = (
				FA5173CC29BC704D00F8ADFA /* tangak.otf in Resources */,
				FA8DDEF229BC5646004DAE5C /* DM-Sans-Bold.ttf in Resources */,
				FAE046E029E1B24E00E0929A /* GoogleService-Info.plist in Resources */,
				FAA91A0E29BB4D04004B3C71 /* Preview Assets.xcassets in Resources */,
				FA8DDEF029BC551E004DAE5C /* Montserrat-Bold.ttf in Resources */,
				FAA91A0B29BB4D04004B3C71 /* Assets.xcassets in Resources */,
				FA8DDEF429BC567D004DAE5C /* DM-Sans-Regular.ttf in Resources */,
				FAA9F1BD29BB7872005D91A7 /* Inter-Bold.ttf in Resources */,
				FAA9F1BE29BB7872005D91A7 /* Inter-Regular.ttf in Resources */,
			);
			runOnlyForDeploymentPostprocessing = 0;
		};
/* End PBXResourcesBuildPhase section */

/* Begin PBXSourcesBuildPhase section */
		FAA919FF29BB4D03004B3C71 /* Sources */ = {
			isa = PBXSourcesBuildPhase;
			buildActionMask = 2147483647;
			files = (
				FA1AFA1D2B078C310092A46A /* UserOrdersView.swift in Sources */,
				FAE046DE29E1946E00E0929A /* Firebase.swift in Sources */,
				FAA9F1C729BB9334005D91A7 /* ShavaApp.swift in Sources */,
				FA1AFA1B2B04EC4A0092A46A /* ConditionalTextEditor.swift in Sources */,
				FA2775F22A87CA9B00A55405 /* OrderItem.swift in Sources */,
				FAA9F1C529BB8A58005D91A7 /* Fonts.swift in Sources */,
				FA1AFA212B078EB60092A46A /* UserOrders.swift in Sources */,
				FA5173C829BC65D600F8ADFA /* MainMenuView.swift in Sources */,
				FAA9F1CD29BBC2B2005D91A7 /* PrettyTextField.swift in Sources */,
				FAA9F1C329BB7DEF005D91A7 /* AuthoriseView.swift in Sources */,
				FAA4238129C0A6CC007818F7 /* SectionMenuView.swift in Sources */,
				FA1AFA152AFE5B2C0092A46A /* PrettyText.swift in Sources */,
				FA1AFA232B07A5BC0092A46A /* UserOrder.swift in Sources */,
				FA0B09F929E41A4D00202CFA /* MenuItemView.swift in Sources */,
				FA79D39929BB5D21005A10F8 /* Colors.swift in Sources */,
				FA1AFA252B07AACB0092A46A /* OrderItemUnchangable.swift in Sources */,
				FA64F12B2A8F930D00CC8558 /* OrderView.swift in Sources */,
				FA2775F02A87C5F000A55405 /* CartView.swift in Sources */,
				FA8320D52A0B9FB6000C37B9 /* SearchItem.swift in Sources */,
				FAA8717129BDE1BB0036488A /* MenuItemCard.swift in Sources */,
				FA1AFA192B04E9F10092A46A /* PasswordChangeView.swift in Sources */,
				FAA4238529C0B3EC007818F7 /* PrettyButton.swift in Sources */,
				FA5173CE29BDCC3400F8ADFA /* Menu.swift in Sources */,
				FAAA252229EEC1BD00409A4E /* Order.swift in Sources */,
				FAD8E0FD2ABDB098007F95B1 /* ProfileView.swift in Sources */,
				FAA9F1C929BB93D2005D91A7 /* ShavaAppSwiftUI.swift in Sources */,
				FA1AFA172AFE5F810092A46A /* PrettyEditButton.swift in Sources */,
				FAA8717329BDEBFF0036488A /* MainMenuSection.swift in Sources */,
				FA0B09F729E2B56E00202CFA /* ShawaAppView.swift in Sources */,
				FAA91A0729BB4D03004B3C71 /* IosApp.swift in Sources */,
				FAA4238329C0A809007818F7 /* Header.swift in Sources */,
			);
			runOnlyForDeploymentPostprocessing = 0;
		};
/* End PBXSourcesBuildPhase section */

/* Begin XCBuildConfiguration section */
		FAA91A0F29BB4D04004B3C71 /* Debug */ = {
			isa = XCBuildConfiguration;
			baseConfigurationReference = FA2C20682A9FA53100ADA650 /* debug.xcconfig */;
			buildSettings = {
				ALWAYS_SEARCH_USER_PATHS = NO;
				CLANG_ANALYZER_NONNULL = YES;
				CLANG_ANALYZER_NUMBER_OBJECT_CONVERSION = YES_AGGRESSIVE;
				CLANG_CXX_LANGUAGE_STANDARD = "gnu++20";
				CLANG_ENABLE_MODULES = YES;
				CLANG_ENABLE_OBJC_ARC = YES;
				CLANG_ENABLE_OBJC_WEAK = YES;
				CLANG_WARN_BLOCK_CAPTURE_AUTORELEASING = YES;
				CLANG_WARN_BOOL_CONVERSION = YES;
				CLANG_WARN_COMMA = YES;
				CLANG_WARN_CONSTANT_CONVERSION = YES;
				CLANG_WARN_DEPRECATED_OBJC_IMPLEMENTATIONS = YES;
				CLANG_WARN_DIRECT_OBJC_ISA_USAGE = YES_ERROR;
				CLANG_WARN_DOCUMENTATION_COMMENTS = YES;
				CLANG_WARN_EMPTY_BODY = YES;
				CLANG_WARN_ENUM_CONVERSION = YES;
				CLANG_WARN_INFINITE_RECURSION = YES;
				CLANG_WARN_INT_CONVERSION = YES;
				CLANG_WARN_NON_LITERAL_NULL_CONVERSION = YES;
				CLANG_WARN_OBJC_IMPLICIT_RETAIN_SELF = YES;
				CLANG_WARN_OBJC_LITERAL_CONVERSION = YES;
				CLANG_WARN_OBJC_ROOT_CLASS = YES_ERROR;
				CLANG_WARN_QUOTED_INCLUDE_IN_FRAMEWORK_HEADER = YES;
				CLANG_WARN_RANGE_LOOP_ANALYSIS = YES;
				CLANG_WARN_STRICT_PROTOTYPES = YES;
				CLANG_WARN_SUSPICIOUS_MOVE = YES;
				CLANG_WARN_UNGUARDED_AVAILABILITY = YES_AGGRESSIVE;
				CLANG_WARN_UNREACHABLE_CODE = YES;
				CLANG_WARN__DUPLICATE_METHOD_MATCH = YES;
				COPY_PHASE_STRIP = NO;
				DEBUG_INFORMATION_FORMAT = dwarf;
				ENABLE_STRICT_OBJC_MSGSEND = YES;
				ENABLE_TESTABILITY = YES;
				GCC_C_LANGUAGE_STANDARD = gnu11;
				GCC_DYNAMIC_NO_PIC = NO;
				GCC_NO_COMMON_BLOCKS = YES;
				GCC_OPTIMIZATION_LEVEL = 0;
				GCC_PREPROCESSOR_DEFINITIONS = (
					"DEBUG=1",
					"$(inherited)",
				);
				GCC_WARN_64_TO_32_BIT_CONVERSION = YES;
				GCC_WARN_ABOUT_RETURN_TYPE = YES_ERROR;
				GCC_WARN_UNDECLARED_SELECTOR = YES;
				GCC_WARN_UNINITIALIZED_AUTOS = YES_AGGRESSIVE;
				GCC_WARN_UNUSED_FUNCTION = YES;
				GCC_WARN_UNUSED_VARIABLE = YES;
				IPHONEOS_DEPLOYMENT_TARGET = 15.0;
				MTL_ENABLE_DEBUG_INFO = INCLUDE_SOURCE;
				MTL_FAST_MATH = YES;
				ONLY_ACTIVE_ARCH = YES;
				SDKROOT = iphoneos;
				SWIFT_ACTIVE_COMPILATION_CONDITIONS = DEBUG;
				SWIFT_OPTIMIZATION_LEVEL = "-Onone";
			};
			name = Debug;
		};
		FAA91A1029BB4D04004B3C71 /* Release */ = {
			isa = XCBuildConfiguration;
			buildSettings = {
				ALWAYS_SEARCH_USER_PATHS = NO;
				CLANG_ANALYZER_NONNULL = YES;
				CLANG_ANALYZER_NUMBER_OBJECT_CONVERSION = YES_AGGRESSIVE;
				CLANG_CXX_LANGUAGE_STANDARD = "gnu++20";
				CLANG_ENABLE_MODULES = YES;
				CLANG_ENABLE_OBJC_ARC = YES;
				CLANG_ENABLE_OBJC_WEAK = YES;
				CLANG_WARN_BLOCK_CAPTURE_AUTORELEASING = YES;
				CLANG_WARN_BOOL_CONVERSION = YES;
				CLANG_WARN_COMMA = YES;
				CLANG_WARN_CONSTANT_CONVERSION = YES;
				CLANG_WARN_DEPRECATED_OBJC_IMPLEMENTATIONS = YES;
				CLANG_WARN_DIRECT_OBJC_ISA_USAGE = YES_ERROR;
				CLANG_WARN_DOCUMENTATION_COMMENTS = YES;
				CLANG_WARN_EMPTY_BODY = YES;
				CLANG_WARN_ENUM_CONVERSION = YES;
				CLANG_WARN_INFINITE_RECURSION = YES;
				CLANG_WARN_INT_CONVERSION = YES;
				CLANG_WARN_NON_LITERAL_NULL_CONVERSION = YES;
				CLANG_WARN_OBJC_IMPLICIT_RETAIN_SELF = YES;
				CLANG_WARN_OBJC_LITERAL_CONVERSION = YES;
				CLANG_WARN_OBJC_ROOT_CLASS = YES_ERROR;
				CLANG_WARN_QUOTED_INCLUDE_IN_FRAMEWORK_HEADER = YES;
				CLANG_WARN_RANGE_LOOP_ANALYSIS = YES;
				CLANG_WARN_STRICT_PROTOTYPES = YES;
				CLANG_WARN_SUSPICIOUS_MOVE = YES;
				CLANG_WARN_UNGUARDED_AVAILABILITY = YES_AGGRESSIVE;
				CLANG_WARN_UNREACHABLE_CODE = YES;
				CLANG_WARN__DUPLICATE_METHOD_MATCH = YES;
				COPY_PHASE_STRIP = NO;
				DEBUG_INFORMATION_FORMAT = "dwarf-with-dsym";
				ENABLE_NS_ASSERTIONS = NO;
				ENABLE_STRICT_OBJC_MSGSEND = YES;
				GCC_C_LANGUAGE_STANDARD = gnu11;
				GCC_NO_COMMON_BLOCKS = YES;
				GCC_WARN_64_TO_32_BIT_CONVERSION = YES;
				GCC_WARN_ABOUT_RETURN_TYPE = YES_ERROR;
				GCC_WARN_UNDECLARED_SELECTOR = YES;
				GCC_WARN_UNINITIALIZED_AUTOS = YES_AGGRESSIVE;
				GCC_WARN_UNUSED_FUNCTION = YES;
				GCC_WARN_UNUSED_VARIABLE = YES;
				IPHONEOS_DEPLOYMENT_TARGET = 15.0;
				MTL_ENABLE_DEBUG_INFO = NO;
				MTL_FAST_MATH = YES;
				SDKROOT = iphoneos;
				SWIFT_COMPILATION_MODE = wholemodule;
				SWIFT_OPTIMIZATION_LEVEL = "-O";
				VALIDATE_PRODUCT = YES;
			};
			name = Release;
		};
		FAA91A1229BB4D04004B3C71 /* Debug */ = {
			isa = XCBuildConfiguration;
			buildSettings = {
				ASSETCATALOG_COMPILER_APPICON_NAME = AppIcon;
				ASSETCATALOG_COMPILER_GLOBAL_ACCENT_COLOR_NAME = AccentColor;
				CODE_SIGN_STYLE = Automatic;
				CURRENT_PROJECT_VERSION = 1;
				DEVELOPMENT_ASSET_PATHS = "\"Shawa/Preview Content\"";
				DEVELOPMENT_TEAM = NBYQDHH5LM;
				ENABLE_PREVIEWS = YES;
				GENERATE_INFOPLIST_FILE = YES;
				INFOPLIST_FILE = Shawa/Info.plist;
				INFOPLIST_KEY_CFBundleDisplayName = Shawa;
				INFOPLIST_KEY_LSApplicationCategoryType = "public.app-category.food-and-drink";
				INFOPLIST_KEY_UIApplicationSupportsIndirectInputEvents = YES;
				INFOPLIST_KEY_UILaunchScreen_Generation = YES;
				INFOPLIST_KEY_UISupportedInterfaceOrientations = UIInterfaceOrientationPortrait;
				INFOPLIST_KEY_UISupportedInterfaceOrientations_iPad = "UIInterfaceOrientationLandscapeLeft UIInterfaceOrientationLandscapeRight UIInterfaceOrientationPortrait UIInterfaceOrientationPortraitUpsideDown";
				IPHONEOS_DEPLOYMENT_TARGET = 16.4;
				LD_RUNPATH_SEARCH_PATHS = (
					"$(inherited)",
					"@executable_path/Frameworks",
				);
				MARKETING_VERSION = 1.0;
				PRODUCT_BUNDLE_IDENTIFIER = com.gmail.alex.vasilevski007.Shawa;
				PRODUCT_NAME = "$(TARGET_NAME)";
				SWIFT_EMIT_LOC_STRINGS = YES;
				SWIFT_VERSION = 5.0;
				TARGETED_DEVICE_FAMILY = "1,2";
			};
			name = Debug;
		};
		FAA91A1329BB4D04004B3C71 /* Release */ = {
			isa = XCBuildConfiguration;
			buildSettings = {
				ASSETCATALOG_COMPILER_APPICON_NAME = AppIcon;
				ASSETCATALOG_COMPILER_GLOBAL_ACCENT_COLOR_NAME = AccentColor;
				CODE_SIGN_STYLE = Automatic;
				CURRENT_PROJECT_VERSION = 1;
				DEVELOPMENT_ASSET_PATHS = "\"Shawa/Preview Content\"";
				DEVELOPMENT_TEAM = NBYQDHH5LM;
				ENABLE_PREVIEWS = YES;
				GENERATE_INFOPLIST_FILE = YES;
				INFOPLIST_FILE = Shawa/Info.plist;
				INFOPLIST_KEY_CFBundleDisplayName = Shawa;
				INFOPLIST_KEY_LSApplicationCategoryType = "public.app-category.food-and-drink";
				INFOPLIST_KEY_UIApplicationSupportsIndirectInputEvents = YES;
				INFOPLIST_KEY_UILaunchScreen_Generation = YES;
				INFOPLIST_KEY_UISupportedInterfaceOrientations = UIInterfaceOrientationPortrait;
				INFOPLIST_KEY_UISupportedInterfaceOrientations_iPad = "UIInterfaceOrientationLandscapeLeft UIInterfaceOrientationLandscapeRight UIInterfaceOrientationPortrait UIInterfaceOrientationPortraitUpsideDown";
				IPHONEOS_DEPLOYMENT_TARGET = 16.4;
				LD_RUNPATH_SEARCH_PATHS = (
					"$(inherited)",
					"@executable_path/Frameworks",
				);
				MARKETING_VERSION = 1.0;
				PRODUCT_BUNDLE_IDENTIFIER = com.gmail.alex.vasilevski007.Shawa;
				PRODUCT_NAME = "$(TARGET_NAME)";
				SWIFT_EMIT_LOC_STRINGS = YES;
				SWIFT_VERSION = 5.0;
				TARGETED_DEVICE_FAMILY = "1,2";
			};
			name = Release;
		};
/* End XCBuildConfiguration section */

/* Begin XCConfigurationList section */
		FAA919FE29BB4D03004B3C71 /* Build configuration list for PBXProject "Shawa" */ = {
			isa = XCConfigurationList;
			buildConfigurations = (
				FAA91A0F29BB4D04004B3C71 /* Debug */,
				FAA91A1029BB4D04004B3C71 /* Release */,
			);
			defaultConfigurationIsVisible = 0;
			defaultConfigurationName = Release;
		};
		FAA91A1129BB4D04004B3C71 /* Build configuration list for PBXNativeTarget "Shawa" */ = {
			isa = XCConfigurationList;
			buildConfigurations = (
				FAA91A1229BB4D04004B3C71 /* Debug */,
				FAA91A1329BB4D04004B3C71 /* Release */,
			);
			defaultConfigurationIsVisible = 0;
			defaultConfigurationName = Release;
		};
/* End XCConfigurationList section */

/* Begin XCRemoteSwiftPackageReference section */
		FAA9F1CE29BBCC69005D91A7 /* XCRemoteSwiftPackageReference "action-button" */ = {
			isa = XCRemoteSwiftPackageReference;
			repositoryURL = "https://github.com/swiftui-library/action-button";
			requirement = {
				kind = upToNextMajorVersion;
				minimumVersion = 1.0.0;
			};
		};
		FAFAB4552AA8CB4E00D47C23 /* XCRemoteSwiftPackageReference "firebase-ios-sdk" */ = {
			isa = XCRemoteSwiftPackageReference;
			repositoryURL = "https://github.com/firebase/firebase-ios-sdk";
			requirement = {
				kind = upToNextMajorVersion;
				minimumVersion = 10.0.0;
			};
		};
/* End XCRemoteSwiftPackageReference section */

/* Begin XCSwiftPackageProductDependency section */
		FAA9F1CF29BBCC69005D91A7 /* ActionButton */ = {
			isa = XCSwiftPackageProductDependency;
			package = FAA9F1CE29BBCC69005D91A7 /* XCRemoteSwiftPackageReference "action-button" */;
			productName = ActionButton;
		};
		FAFAB4562AA8CB4E00D47C23 /* FirebaseAuth */ = {
			isa = XCSwiftPackageProductDependency;
			package = FAFAB4552AA8CB4E00D47C23 /* XCRemoteSwiftPackageReference "firebase-ios-sdk" */;
			productName = FirebaseAuth;
		};
		FAFAB4582AA8CB4E00D47C23 /* FirebaseDatabase */ = {
			isa = XCSwiftPackageProductDependency;
			package = FAFAB4552AA8CB4E00D47C23 /* XCRemoteSwiftPackageReference "firebase-ios-sdk" */;
			productName = FirebaseDatabase;
		};
		FAFAB45A2AA8CB4E00D47C23 /* FirebaseDatabaseSwift */ = {
			isa = XCSwiftPackageProductDependency;
			package = FAFAB4552AA8CB4E00D47C23 /* XCRemoteSwiftPackageReference "firebase-ios-sdk" */;
			productName = FirebaseDatabaseSwift;
		};
		FAFAB45C2AA8CB4E00D47C23 /* FirebaseFirestore */ = {
			isa = XCSwiftPackageProductDependency;
			package = FAFAB4552AA8CB4E00D47C23 /* XCRemoteSwiftPackageReference "firebase-ios-sdk" */;
			productName = FirebaseFirestore;
		};
		FAFAB45E2AA8CB4E00D47C23 /* FirebaseFirestoreCombine-Community */ = {
			isa = XCSwiftPackageProductDependency;
			package = FAFAB4552AA8CB4E00D47C23 /* XCRemoteSwiftPackageReference "firebase-ios-sdk" */;
			productName = "FirebaseFirestoreCombine-Community";
		};
		FAFAB4602AA8CB4E00D47C23 /* FirebaseFirestoreSwift */ = {
			isa = XCSwiftPackageProductDependency;
			package = FAFAB4552AA8CB4E00D47C23 /* XCRemoteSwiftPackageReference "firebase-ios-sdk" */;
			productName = FirebaseFirestoreSwift;
		};
/* End XCSwiftPackageProductDependency section */
	};
	rootObject = FAA919FB29BB4D03004B3C71 /* Project object */;
}
